{
  "name": "fides",
  "lockfileVersion": 3,
  "requires": true,
  "packages": {
    "": {
      "dependencies": {
        "locale-codes": "^1.3.1"
      }
    },
    "node_modules/iso639-codes": {
      "version": "1.0.1",
      "resolved": "https://registry.npmjs.org/iso639-codes/-/iso639-codes-1.0.1.tgz",
      "integrity": "sha512-jdTSv8yn6D7GODDrRtuWG7y3du3aoa+ki5H8h/Y48/NleNAd7Fw/M2niTTLXGH4QnqhJ98hg1JMQtP9csQ31Lg==",
      "engines": {
        "node": ">=8"
      }
    },
    "node_modules/langs": {
      "version": "2.0.0",
      "resolved": "https://registry.npmjs.org/langs/-/langs-2.0.0.tgz",
      "integrity": "sha512-v4pxOBEQVN1WBTfB1crhTtxzNLZU9HPWgadlwzWKISJtt6Ku/CnpBrwVy+jFv8StjxsPfwPFzO0CMwdZLJ0/BA=="
    },
    "node_modules/locale-codes": {
      "version": "1.3.1",
      "resolved": "https://registry.npmjs.org/locale-codes/-/locale-codes-1.3.1.tgz",
      "integrity": "sha512-C7fxGkU4jAuHqavtKj4IhSD2yPEzChFMRfNHjzwIAz9JTbYHtBJDcQQgmJDezBogk9/vvgS7chKMhpVEKavk5A==",
      "dependencies": {
        "iso639-codes": "^1.0.1",
        "langs": "^2.0.0",
        "windows-locale": "^1.1.0"
      },
      "engines": {
        "node": ">=8"
      }
    },
    "node_modules/windows-locale": {
      "version": "1.1.3",
      "resolved": "https://registry.npmjs.org/windows-locale/-/windows-locale-1.1.3.tgz",
      "integrity": "sha512-0OlMOPNGj7GTB6C7WmqS3o4eydjnoYj0uwot2KJf7E0JUucwYwzkcvCWQwnuOV60WqDMeGJpSankgveNMj5r0g==",
      "engines": {
        "node": ">=v10.24.1"
      }
    }
  }
}
